
Microsoft Visual Studio Solution File, Format Version 12.00
# Visual Studio Version 17
VisualStudioVersion = 17.4.33213.308
MinimumVisualStudioVersion = 10.0.40219.1
Project("{FAE04EC0-301F-11D3-BF4B-00C04F79EFBC}") = "INSY4052Project", "INSY4052Project.csproj", "{19E72BEF-DF78-4E0D-A62E-83B037DD6182}"
EndProject
Global
	GlobalSection(SolutionConfigurationPlatforms) = preSolution
		Debug|Any CPU = Debug|Any CPU
		Release|Any CPU = Release|Any CPU
	EndGlobalSection
	GlobalSection(ProjectConfigurationPlatforms) = postSolution
		{19E72BEF-DF78-4E0D-A62E-83B037DD6182}.Debug|Any CPU.ActiveCfg = Debug|Any CPU
		{19E72BEF-DF78-4E0D-A62E-83B037DD6182}.Debug|Any CPU.Build.0 = Debug|Any CPU
		{19E72BEF-DF78-4E0D-A62E-83B037DD6182}.Release|Any CPU.ActiveCfg = Release|Any CPU
		{19E72BEF-DF78-4E0D-A62E-83B037DD6182}.Release|Any CPU.Build.0 = Release|Any CPU
	EndGlobalSection
	GlobalSection(SolutionProperties) = preSolution
		HideSolutionNode = FALSE
	EndGlobalSection
	GlobalSection(ExtensibilityGlobals) = postSolution
		SolutionGuid = {D3D022BF-A7B6-4A61-B05C-CA5BF36C4C76}
	EndGlobalSection
EndGlobal
